
Microsoft Visual Studio Solution File, Format Version 12.00
# Visual Studio Version 17
VisualStudioVersion = 17.13.36105.23 d17.13
MinimumVisualStudioVersion = 10.0.40219.1
Project("{FAE04EC0-301F-11D3-BF4B-00C04F79EFBC}") = "MauiAppAgenda", "MauiAppAgenda\MauiAppAgenda.csproj", "{A92BF4C9-E143-4190-965B-2D55BD4A057E}"
EndProject
Global
	GlobalSection(SolutionConfigurationPlatforms) = preSolution
		Debug|Any CPU = Debug|Any CPU
		Release|Any CPU = Release|Any CPU
	EndGlobalSection
	GlobalSection(ProjectConfigurationPlatforms) = postSolution
		{A92BF4C9-E143-4190-965B-2D55BD4A057E}.Debug|Any CPU.ActiveCfg = Debug|Any CPU
		{A92BF4C9-E143-4190-965B-2D55BD4A057E}.Debug|Any CPU.Build.0 = Debug|Any CPU
		{A92BF4C9-E143-4190-965B-2D55BD4A057E}.Debug|Any CPU.Deploy.0 = Debug|Any CPU
		{A92BF4C9-E143-4190-965B-2D55BD4A057E}.Release|Any CPU.ActiveCfg = Release|Any CPU
		{A92BF4C9-E143-4190-965B-2D55BD4A057E}.Release|Any CPU.Build.0 = Release|Any CPU
		{A92BF4C9-E143-4190-965B-2D55BD4A057E}.Release|Any CPU.Deploy.0 = Release|Any CPU
	EndGlobalSection
	GlobalSection(SolutionProperties) = preSolution
		HideSolutionNode = FALSE
	EndGlobalSection
	GlobalSection(ExtensibilityGlobals) = postSolution
		SolutionGuid = {E85EA23C-E954-418F-8770-559F0602FE38}
	EndGlobalSection
EndGlobal
